
Microsoft Visual Studio Solution File, Format Version 12.00
# Visual Studio Version 16
VisualStudioVersion = 16.0.31515.178
MinimumVisualStudioVersion = 10.0.40219.1
Project("{9A19103F-16F7-4668-BE54-9A1E7A4F7556}") = "MatheQuiz", "MatheQuiz.csproj", "{88057B02-60F0-43D2-BC20-676B62F76ECD}"
EndProject
Global
	GlobalSection(SolutionConfigurationPlatforms) = preSolution
		Debug|Any CPU = Debug|Any CPU
		Release|Any CPU = Release|Any CPU
	EndGlobalSection
	GlobalSection(ProjectConfigurationPlatforms) = postSolution
		{88057B02-60F0-43D2-BC20-676B62F76ECD}.Debug|Any CPU.ActiveCfg = Debug|Any CPU
		{88057B02-60F0-43D2-BC20-676B62F76ECD}.Debug|Any CPU.Build.0 = Debug|Any CPU
		{88057B02-60F0-43D2-BC20-676B62F76ECD}.Release|Any CPU.ActiveCfg = Release|Any CPU
		{88057B02-60F0-43D2-BC20-676B62F76ECD}.Release|Any CPU.Build.0 = Release|Any CPU
	EndGlobalSection
	GlobalSection(SolutionProperties) = preSolution
		HideSolutionNode = FALSE
	EndGlobalSection
	GlobalSection(ExtensibilityGlobals) = postSolution
		SolutionGuid = {1DD044FB-A718-4CA0-BCBE-AA620ED2BFB1}
	EndGlobalSection
EndGlobal
